
Microsoft Visual Studio Solution File, Format Version 12.00
# Visual Studio Version 16
VisualStudioVersion = 16.0.31702.278
MinimumVisualStudioVersion = 10.0.40219.1
Project("{FAE04EC0-301F-11D3-BF4B-00C04F79EFBC}") = "Stambul_DB", "Stambul_DB\Stambul_DB.csproj", "{794ACBA9-E667-4D5D-BCEE-58C2B78F4955}"
EndProject
Global
	GlobalSection(SolutionConfigurationPlatforms) = preSolution
		Debug|Any CPU = Debug|Any CPU
		Release|Any CPU = Release|Any CPU
	EndGlobalSection
	GlobalSection(ProjectConfigurationPlatforms) = postSolution
		{794ACBA9-E667-4D5D-BCEE-58C2B78F4955}.Debug|Any CPU.ActiveCfg = Debug|Any CPU
		{794ACBA9-E667-4D5D-BCEE-58C2B78F4955}.Debug|Any CPU.Build.0 = Debug|Any CPU
		{794ACBA9-E667-4D5D-BCEE-58C2B78F4955}.Release|Any CPU.ActiveCfg = Release|Any CPU
		{794ACBA9-E667-4D5D-BCEE-58C2B78F4955}.Release|Any CPU.Build.0 = Release|Any CPU
	EndGlobalSection
	GlobalSection(SolutionProperties) = preSolution
		HideSolutionNode = FALSE
	EndGlobalSection
	GlobalSection(ExtensibilityGlobals) = postSolution
		SolutionGuid = {C4BFACD5-DE77-4789-BB07-7E1673249D4C}
	EndGlobalSection
EndGlobal
